lockfileVersion: 5.4

importers:

  .:
    specifiers:
      '@types/node': 16.11.45
    devDependencies:
      '@types/node': 16.11.45

packages:

  /@types/node/16.11.45:
    resolution: {integrity: sha512-3rKg/L5x0rofKuuUt5zlXzOnKyIHXmIu5R8A0TuNDMF2062/AOIDBciFIjToLEJ/9F9DzkHNot+BpNsMI1OLdQ==}
    dev: true
